
Microsoft Visual Studio Solution File, Format Version 12.00
# Visual Studio Version 17
VisualStudioVersion = 17.0.31903.59
MinimumVisualStudioVersion = 10.0.40219.1
Project("{FAE04EC0-301F-11D3-BF4B-00C04F79EFBC}") = "webApiVSCode", "webApiVSCode\webApiVSCode.csproj", "{20A2E8A1-2F18-46D1-AD53-E4A1A36C18C8}"
EndProject
Project("{FAE04EC0-301F-11D3-BF4B-00C04F79EFBC}") = "webApiVSCodeToDo", "..\webApiVSCodeToDo\webApiVSCodeToDo.csproj", "{99382978-718B-4B06-8CD7-800310BC0738}"
EndProject
Global
	GlobalSection(SolutionConfigurationPlatforms) = preSolution
		Debug|Any CPU = Debug|Any CPU
		Release|Any CPU = Release|Any CPU
	EndGlobalSection
	GlobalSection(SolutionProperties) = preSolution
		HideSolutionNode = FALSE
	EndGlobalSection
	GlobalSection(ProjectConfigurationPlatforms) = postSolution
		{20A2E8A1-2F18-46D1-AD53-E4A1A36C18C8}.Debug|Any CPU.ActiveCfg = Debug|Any CPU
		{20A2E8A1-2F18-46D1-AD53-E4A1A36C18C8}.Debug|Any CPU.Build.0 = Debug|Any CPU
		{20A2E8A1-2F18-46D1-AD53-E4A1A36C18C8}.Release|Any CPU.ActiveCfg = Release|Any CPU
		{20A2E8A1-2F18-46D1-AD53-E4A1A36C18C8}.Release|Any CPU.Build.0 = Release|Any CPU
		{99382978-718B-4B06-8CD7-800310BC0738}.Debug|Any CPU.ActiveCfg = Debug|Any CPU
		{99382978-718B-4B06-8CD7-800310BC0738}.Debug|Any CPU.Build.0 = Debug|Any CPU
		{99382978-718B-4B06-8CD7-800310BC0738}.Release|Any CPU.ActiveCfg = Release|Any CPU
		{99382978-718B-4B06-8CD7-800310BC0738}.Release|Any CPU.Build.0 = Release|Any CPU
	EndGlobalSection
EndGlobal
